
Microsoft Visual Studio Solution File, Format Version 12.00
# Visual Studio 15
Project("{FAE04EC0-301F-11D3-BF4B-00C04F79EFBC}") = "Assembly-CSharp", "Assembly-CSharp.csproj", "{9B0BAEFB-A40E-EDFE-E809-AB29370A9D39}"
EndProject
Project("{FAE04EC0-301F-11D3-BF4B-00C04F79EFBC}") = "Assembly-CSharp-Editor", "Assembly-CSharp-Editor.csproj", "{8C99F489-0F2F-28B3-35FC-82E00CA4753D}"
EndProject
Global
	GlobalSection(SolutionConfigurationPlatforms) = preSolution
		Debug|Any CPU = Debug|Any CPU
		Release|Any CPU = Release|Any CPU
	EndGlobalSection
	GlobalSection(ProjectConfigurationPlatforms) = postSolution
		{9B0BAEFB-A40E-EDFE-E809-AB29370A9D39}.Debug|Any CPU.ActiveCfg = Debug|Any CPU
		{9B0BAEFB-A40E-EDFE-E809-AB29370A9D39}.Debug|Any CPU.Build.0 = Debug|Any CPU
		{9B0BAEFB-A40E-EDFE-E809-AB29370A9D39}.Release|Any CPU.ActiveCfg = Release|Any CPU
		{9B0BAEFB-A40E-EDFE-E809-AB29370A9D39}.Release|Any CPU.Build.0 = Release|Any CPU
		{8C99F489-0F2F-28B3-35FC-82E00CA4753D}.Debug|Any CPU.ActiveCfg = Debug|Any CPU
		{8C99F489-0F2F-28B3-35FC-82E00CA4753D}.Debug|Any CPU.Build.0 = Debug|Any CPU
		{8C99F489-0F2F-28B3-35FC-82E00CA4753D}.Release|Any CPU.ActiveCfg = Release|Any CPU
		{8C99F489-0F2F-28B3-35FC-82E00CA4753D}.Release|Any CPU.Build.0 = Release|Any CPU
	EndGlobalSection
	GlobalSection(SolutionProperties) = preSolution
		HideSolutionNode = FALSE
	EndGlobalSection
EndGlobal
